github.com/InternatBlackhole/cudago/cuda v1.2.0 h1:OWoJLx0l27cWAzd7aLmGy+mzF8W99mMlRbQQtSx9y5o=
github.com/InternatBlackhole/cudago/cuda v1.2.0/go.mod h1:cfpdEtjUovZni3fkAC6ayzqGBxorWuzvoNbPqDK087w=
github.com/InternatBlackhole/cudago/nvrtc v1.0.0 h1:3DT1sbNSj0kmFdAojFz/cVplJv4gGT253fXLHGlkEB8=
github.com/InternatBlackhole/cudago/nvrtc v1.0.0/go.mod h1:bdbA9EO36Dtk1oZyAnY9u3dXW8GCcmQzsx+65g392VY=
github.com/InternatBlackhole/cudago/nvrtc v1.0.1 h1:ajhmsF+XVvJrxn+TUtd8nyv3zaCiZNy2Me91oSWmmuo=
github.com/InternatBlackhole/cudago/nvrtc v1.0.1/go.mod h1:Mp2hfV4fcF9bLRYqlQOlz0T3G5J1BuQbV+UTl33bNn4=
