github.com/InternatBlackhole/cudago/cuda v1.2.0 h1:OWoJLx0l27cWAzd7aLmGy+mzF8W99mMlRbQQtSx9y5o=
github.com/InternatBlackhole/cudago/cuda v1.2.0/go.mod h1:cfpdEtjUovZni3fkAC6ayzqGBxorWuzvoNbPqDK087w=
github.com/InternatBlackhole/cudago/nvrtc v1.0.1 h1:ajhmsF+XVvJrxn+TUtd8nyv3zaCiZNy2Me91oSWmmuo=
github.com/InternatBlackhole/cudago/nvrtc v1.0.1/go.mod h1:Mp2hfV4fcF9bLRYqlQOlz0T3G5J1BuQbV+UTl33bNn4=
golang.org/x/exp v0.0.0-20241217172543-b2144cdd0a67 h1:1UoZQm6f0P/ZO0w1Ri+f+ifG/gXhegadRdwBIXEFWDo=
golang.org/x/exp v0.0.0-20241217172543-b2144cdd0a67/go.mod h1:qj5a5QZpwLU2NLQudwIN5koi3beDhSAlJwa67PuM98c=
